
Microsoft Visual Studio Solution File, Format Version 12.00
# Visual Studio Version 17
VisualStudioVersion = 17.5.33627.172
MinimumVisualStudioVersion = 10.0.40219.1
Project("{9A19103F-16F7-4668-BE54-9A1E7A4F7556}") = "dumb282tweaks", "dumb282tweaks\dumb282tweaks.csproj", "{29798D2A-7139-4E0D-A6A3-3FFA9E7E5611}"
EndProject
Global
	GlobalSection(SolutionConfigurationPlatforms) = preSolution
		Debug|Any CPU = Debug|Any CPU
		Release|Any CPU = Release|Any CPU
	EndGlobalSection
	GlobalSection(ProjectConfigurationPlatforms) = postSolution
		{29798D2A-7139-4E0D-A6A3-3FFA9E7E5611}.Debug|Any CPU.ActiveCfg = Debug|Any CPU
		{29798D2A-7139-4E0D-A6A3-3FFA9E7E5611}.Debug|Any CPU.Build.0 = Debug|Any CPU
		{29798D2A-7139-4E0D-A6A3-3FFA9E7E5611}.Release|Any CPU.ActiveCfg = Release|Any CPU
		{29798D2A-7139-4E0D-A6A3-3FFA9E7E5611}.Release|Any CPU.Build.0 = Release|Any CPU
	EndGlobalSection
	GlobalSection(SolutionProperties) = preSolution
		HideSolutionNode = FALSE
	EndGlobalSection
	GlobalSection(ExtensibilityGlobals) = postSolution
		SolutionGuid = {C1C9BDE2-F852-4FB2-9E3F-0745754DA0EC}
	EndGlobalSection
EndGlobal
